
Microsoft Visual Studio Solution File, Format Version 12.00
# Visual Studio Version 16
VisualStudioVersion = 16.0.31205.134
MinimumVisualStudioVersion = 10.0.40219.1
Project("{9A19103F-16F7-4668-BE54-9A1E7A4F7556}") = "ATMProject", "HæveautomatenTest\ATMProject.csproj", "{95F77AFE-BBD3-49DE-B446-C2F5E81CBFFF}"
EndProject
Project("{9A19103F-16F7-4668-BE54-9A1E7A4F7556}") = "TestLibrary.Tests", "TestLibrary\TestLibrary.Tests.csproj", "{E69B05BE-9A91-4ABA-8934-81AC5BC689A7}"
EndProject
Global
	GlobalSection(SolutionConfigurationPlatforms) = preSolution
		Debug|Any CPU = Debug|Any CPU
		Release|Any CPU = Release|Any CPU
	EndGlobalSection
	GlobalSection(ProjectConfigurationPlatforms) = postSolution
		{95F77AFE-BBD3-49DE-B446-C2F5E81CBFFF}.Debug|Any CPU.ActiveCfg = Debug|Any CPU
		{95F77AFE-BBD3-49DE-B446-C2F5E81CBFFF}.Debug|Any CPU.Build.0 = Debug|Any CPU
		{95F77AFE-BBD3-49DE-B446-C2F5E81CBFFF}.Release|Any CPU.ActiveCfg = Release|Any CPU
		{95F77AFE-BBD3-49DE-B446-C2F5E81CBFFF}.Release|Any CPU.Build.0 = Release|Any CPU
		{E69B05BE-9A91-4ABA-8934-81AC5BC689A7}.Debug|Any CPU.ActiveCfg = Debug|Any CPU
		{E69B05BE-9A91-4ABA-8934-81AC5BC689A7}.Debug|Any CPU.Build.0 = Debug|Any CPU
		{E69B05BE-9A91-4ABA-8934-81AC5BC689A7}.Release|Any CPU.ActiveCfg = Release|Any CPU
		{E69B05BE-9A91-4ABA-8934-81AC5BC689A7}.Release|Any CPU.Build.0 = Release|Any CPU
	EndGlobalSection
	GlobalSection(SolutionProperties) = preSolution
		HideSolutionNode = FALSE
	EndGlobalSection
	GlobalSection(ExtensibilityGlobals) = postSolution
		SolutionGuid = {2EB8DD82-6F5C-4290-A6E9-DFFE80D85064}
	EndGlobalSection
EndGlobal
